
Microsoft Visual Studio Solution File, Format Version 12.00
# Visual Studio Version 17
VisualStudioVersion = 17.0.32014.148
MinimumVisualStudioVersion = 10.0.40219.1
Project("{2150E333-8FDC-42A3-9474-1A3956D46DE8}") = "Src", "Src", "{C36EFF5E-DDAA-447F-AD23-B0B30100A6A3}"
EndProject
Project("{9A19103F-16F7-4668-BE54-9A1E7A4F7556}") = "CSharpTypes.Records", "CSharpTypes\CSharpTypes.Records\CSharpTypes.Records.csproj", "{4EC531E1-00FB-47C5-A521-7031CF98F285}"
EndProject
Project("{9A19103F-16F7-4668-BE54-9A1E7A4F7556}") = "CSharpTypes.Structs", "CSharpTypes\CSharpTypes.Struct\CSharpTypes.Structs.csproj", "{FD7D446B-7E26-4558-8CDD-3C5733C88A88}"
EndProject
Project("{9A19103F-16F7-4668-BE54-9A1E7A4F7556}") = "CSharpTypes.Enums", "CSharpTypes\CSharpTypes.Enums\CSharpTypes.Enums.csproj", "{44FCC95A-C4C3-4AEE-BB43-6ABB7D5F10FD}"
EndProject
Project("{9A19103F-16F7-4668-BE54-9A1E7A4F7556}") = "CSharpTypes.RefInOut", "CSharpTypes\CSharpTypes.RefInOut\CSharpTypes.RefInOut.csproj", "{8BB1A7EC-44D5-4255-A807-5DB88B42A1FC}"
EndProject
Project("{9A19103F-16F7-4668-BE54-9A1E7A4F7556}") = "CSharpTypes.Tuples", "CSharpTypes\CSharpTypes.Tupples\CSharpTypes.Tuples.csproj", "{6771FD49-3C3C-49BB-8D5A-37694597000B}"
EndProject
Project("{9A19103F-16F7-4668-BE54-9A1E7A4F7556}") = "CSharpTypes.Partials", "CSharpTypes\CSharpTypes.Partials\CSharpTypes.Partials.csproj", "{2E1591FF-B0B8-4668-B7CE-1F77DFB93C23}"
EndProject
Project("{2150E333-8FDC-42A3-9474-1A3956D46DE8}") = "CSharpTypes", "CSharpTypes", "{1809CBA8-75DB-4810-8BBD-9A5C53FAE6E1}"
EndProject
Project("{2150E333-8FDC-42A3-9474-1A3956D46DE8}") = "OOP", "OOP", "{32EADFD0-C979-49D3-BEE1-8FB544F1627D}"
EndProject
Project("{9A19103F-16F7-4668-BE54-9A1E7A4F7556}") = "OOPInCSharp.ClassInheritance", "OOP\OOPInCSharp.ClassInheritance\OOPInCSharp.ClassInheritance.csproj", "{512ECF00-316B-46F0-838E-FEFDEAF11272}"
EndProject
Project("{9A19103F-16F7-4668-BE54-9A1E7A4F7556}") = "CSharpTypes.Classes", "CSharpTypes\CSharpTypes.Classes\CSharpTypes.Classes.csproj", "{A8D14942-DA16-47AE-80B5-03CDCA8D64C6}"
EndProject
Project("{2150E333-8FDC-42A3-9474-1A3956D46DE8}") = "Generics", "Generics", "{A5E8E343-0764-4846-8470-BD5DA28EF5E5}"
EndProject
Project("{9A19103F-16F7-4668-BE54-9A1E7A4F7556}") = "GenericsSample", "Generics\GenericsSample\GenericsSample.csproj", "{51B03EF3-EFC6-4A1D-B6D1-8B3286F87137}"
EndProject
Project("{2150E333-8FDC-42A3-9474-1A3956D46DE8}") = "Operators", "Operators", "{87AE4498-965E-4DE4-96A2-0BEFCA9413A7}"
EndProject
Project("{9A19103F-16F7-4668-BE54-9A1E7A4F7556}") = "Operators", "Operators\Operators\Operators.csproj", "{4911FC6F-D36D-4B59-A374-0A5BDDB86DEA}"
EndProject
Project("{2150E333-8FDC-42A3-9474-1A3956D46DE8}") = "TypeCasting", "TypeCasting", "{A459A3D5-31AF-487D-9BC0-A2307557FECA}"
EndProject
Project("{9A19103F-16F7-4668-BE54-9A1E7A4F7556}") = "TypeCasting", "TypeCasting\TypeCasting\TypeCasting.csproj", "{D82AED7D-E0D6-49F7-82F0-835E56662446}"
EndProject
Project("{2150E333-8FDC-42A3-9474-1A3956D46DE8}") = "Array", "Array", "{46EB8BCC-82CF-4BF7-AF68-27EC9C00656C}"
EndProject
Project("{9A19103F-16F7-4668-BE54-9A1E7A4F7556}") = "ArrayTutorial", "Array\ArrayTutorial\ArrayTutorial.csproj", "{7F1598A1-260F-41CC-9B0D-226855EC587F}"
EndProject
Project("{2150E333-8FDC-42A3-9474-1A3956D46DE8}") = "Delegates", "Delegates", "{B3BFABC5-C34C-4E15-B402-7EDFC3B8648C}"
EndProject
Project("{9A19103F-16F7-4668-BE54-9A1E7A4F7556}") = "Delegates", "Delegates\Delegates\Delegates.csproj", "{C3537CAF-285A-449B-966D-F90381EDF781}"
EndProject
Project("{2150E333-8FDC-42A3-9474-1A3956D46DE8}") = "Collections", "Collections", "{08BF6A87-C842-4880-81F7-8BC83B12AC67}"
EndProject
Project("{9A19103F-16F7-4668-BE54-9A1E7A4F7556}") = "Collections", "Collections\Collections\Collections.csproj", "{93E879D6-ADC6-4D76-AA3E-3988DA98F2E3}"
EndProject
Project("{2150E333-8FDC-42A3-9474-1A3956D46DE8}") = "ErrorHandling", "ErrorHandling", "{5550ECF3-E4A2-4E24-8AFE-D11E45C6027D}"
EndProject
Project("{9A19103F-16F7-4668-BE54-9A1E7A4F7556}") = "ErrorHandling", "ErrorHandling\ErrorHandling\ErrorHandling.csproj", "{6601BEDE-4E98-4268-9FD3-A41607AA5294}"
EndProject
Project("{2150E333-8FDC-42A3-9474-1A3956D46DE8}") = "Attributes", "Attributes", "{BDA76472-675E-4AB4-9A09-C41940F33D24}"
EndProject
Project("{9A19103F-16F7-4668-BE54-9A1E7A4F7556}") = "Attributes.UI", "Attributes\Attributes\Attributes.UI.csproj", "{40F2ADC7-895A-49B4-90E4-59132968CA60}"
EndProject
Project("{9A19103F-16F7-4668-BE54-9A1E7A4F7556}") = "Attributes.Domain", "Attributes\Attribute.Domain\Attributes.Domain.csproj", "{D6303EA4-D46C-4E50-B01E-0B653ACB5A30}"
EndProject
Project("{2150E333-8FDC-42A3-9474-1A3956D46DE8}") = "Srs", "Srs", "{E8AABEA9-E42B-41F3-9694-AF3CAFD0FA7A}"
EndProject
Project("{2150E333-8FDC-42A3-9474-1A3956D46DE8}") = "tests", "tests", "{8AB742FA-DB0A-4784-92A4-14110067F572}"
EndProject
Project("{9A19103F-16F7-4668-BE54-9A1E7A4F7556}") = "Attributes.Core.Domain.Test", "Attributes\Attributes.Core.Domain.Test\Attributes.Core.Domain.Test.csproj", "{8D833066-A3B7-4E72-AD9F-792046B9C2CB}"
EndProject
Project("{FAE04EC0-301F-11D3-BF4B-00C04F79EFBC}") = "Attributes.CustomAttributes", "Attributes\Attribute.CustomAttributes\Attributes.CustomAttributes.csproj", "{FB6A1575-5F35-4DB6-955C-63DB68B5D6D5}"
EndProject
Project("{FAE04EC0-301F-11D3-BF4B-00C04F79EFBC}") = "Attributes.ReflectionUI", "Attributes\Attributes.ReflectionUI\Attributes.ReflectionUI.csproj", "{65A4E6A1-0018-4FE8-AE5B-804A7F098809}"
EndProject
Global
	GlobalSection(SolutionConfigurationPlatforms) = preSolution
		Debug|Any CPU = Debug|Any CPU
		Release|Any CPU = Release|Any CPU
	EndGlobalSection
	GlobalSection(ProjectConfigurationPlatforms) = postSolution
		{4EC531E1-00FB-47C5-A521-7031CF98F285}.Debug|Any CPU.ActiveCfg = Debug|Any CPU
		{4EC531E1-00FB-47C5-A521-7031CF98F285}.Debug|Any CPU.Build.0 = Debug|Any CPU
		{4EC531E1-00FB-47C5-A521-7031CF98F285}.Release|Any CPU.ActiveCfg = Release|Any CPU
		{4EC531E1-00FB-47C5-A521-7031CF98F285}.Release|Any CPU.Build.0 = Release|Any CPU
		{FD7D446B-7E26-4558-8CDD-3C5733C88A88}.Debug|Any CPU.ActiveCfg = Debug|Any CPU
		{FD7D446B-7E26-4558-8CDD-3C5733C88A88}.Debug|Any CPU.Build.0 = Debug|Any CPU
		{FD7D446B-7E26-4558-8CDD-3C5733C88A88}.Release|Any CPU.ActiveCfg = Release|Any CPU
		{FD7D446B-7E26-4558-8CDD-3C5733C88A88}.Release|Any CPU.Build.0 = Release|Any CPU
		{44FCC95A-C4C3-4AEE-BB43-6ABB7D5F10FD}.Debug|Any CPU.ActiveCfg = Debug|Any CPU
		{44FCC95A-C4C3-4AEE-BB43-6ABB7D5F10FD}.Debug|Any CPU.Build.0 = Debug|Any CPU
		{44FCC95A-C4C3-4AEE-BB43-6ABB7D5F10FD}.Release|Any CPU.ActiveCfg = Release|Any CPU
		{44FCC95A-C4C3-4AEE-BB43-6ABB7D5F10FD}.Release|Any CPU.Build.0 = Release|Any CPU
		{8BB1A7EC-44D5-4255-A807-5DB88B42A1FC}.Debug|Any CPU.ActiveCfg = Debug|Any CPU
		{8BB1A7EC-44D5-4255-A807-5DB88B42A1FC}.Debug|Any CPU.Build.0 = Debug|Any CPU
		{8BB1A7EC-44D5-4255-A807-5DB88B42A1FC}.Release|Any CPU.ActiveCfg = Release|Any CPU
		{8BB1A7EC-44D5-4255-A807-5DB88B42A1FC}.Release|Any CPU.Build.0 = Release|Any CPU
		{6771FD49-3C3C-49BB-8D5A-37694597000B}.Debug|Any CPU.ActiveCfg = Debug|Any CPU
		{6771FD49-3C3C-49BB-8D5A-37694597000B}.Debug|Any CPU.Build.0 = Debug|Any CPU
		{6771FD49-3C3C-49BB-8D5A-37694597000B}.Release|Any CPU.ActiveCfg = Release|Any CPU
		{6771FD49-3C3C-49BB-8D5A-37694597000B}.Release|Any CPU.Build.0 = Release|Any CPU
		{2E1591FF-B0B8-4668-B7CE-1F77DFB93C23}.Debug|Any CPU.ActiveCfg = Debug|Any CPU
		{2E1591FF-B0B8-4668-B7CE-1F77DFB93C23}.Debug|Any CPU.Build.0 = Debug|Any CPU
		{2E1591FF-B0B8-4668-B7CE-1F77DFB93C23}.Release|Any CPU.ActiveCfg = Release|Any CPU
		{2E1591FF-B0B8-4668-B7CE-1F77DFB93C23}.Release|Any CPU.Build.0 = Release|Any CPU
		{512ECF00-316B-46F0-838E-FEFDEAF11272}.Debug|Any CPU.ActiveCfg = Debug|Any CPU
		{512ECF00-316B-46F0-838E-FEFDEAF11272}.Debug|Any CPU.Build.0 = Debug|Any CPU
		{512ECF00-316B-46F0-838E-FEFDEAF11272}.Release|Any CPU.ActiveCfg = Release|Any CPU
		{512ECF00-316B-46F0-838E-FEFDEAF11272}.Release|Any CPU.Build.0 = Release|Any CPU
		{A8D14942-DA16-47AE-80B5-03CDCA8D64C6}.Debug|Any CPU.ActiveCfg = Debug|Any CPU
		{A8D14942-DA16-47AE-80B5-03CDCA8D64C6}.Debug|Any CPU.Build.0 = Debug|Any CPU
		{A8D14942-DA16-47AE-80B5-03CDCA8D64C6}.Release|Any CPU.ActiveCfg = Release|Any CPU
		{A8D14942-DA16-47AE-80B5-03CDCA8D64C6}.Release|Any CPU.Build.0 = Release|Any CPU
		{51B03EF3-EFC6-4A1D-B6D1-8B3286F87137}.Debug|Any CPU.ActiveCfg = Debug|Any CPU
		{51B03EF3-EFC6-4A1D-B6D1-8B3286F87137}.Debug|Any CPU.Build.0 = Debug|Any CPU
		{51B03EF3-EFC6-4A1D-B6D1-8B3286F87137}.Release|Any CPU.ActiveCfg = Release|Any CPU
		{51B03EF3-EFC6-4A1D-B6D1-8B3286F87137}.Release|Any CPU.Build.0 = Release|Any CPU
		{4911FC6F-D36D-4B59-A374-0A5BDDB86DEA}.Debug|Any CPU.ActiveCfg = Debug|Any CPU
		{4911FC6F-D36D-4B59-A374-0A5BDDB86DEA}.Debug|Any CPU.Build.0 = Debug|Any CPU
		{4911FC6F-D36D-4B59-A374-0A5BDDB86DEA}.Release|Any CPU.ActiveCfg = Release|Any CPU
		{4911FC6F-D36D-4B59-A374-0A5BDDB86DEA}.Release|Any CPU.Build.0 = Release|Any CPU
		{D82AED7D-E0D6-49F7-82F0-835E56662446}.Debug|Any CPU.ActiveCfg = Debug|Any CPU
		{D82AED7D-E0D6-49F7-82F0-835E56662446}.Debug|Any CPU.Build.0 = Debug|Any CPU
		{D82AED7D-E0D6-49F7-82F0-835E56662446}.Release|Any CPU.ActiveCfg = Release|Any CPU
		{D82AED7D-E0D6-49F7-82F0-835E56662446}.Release|Any CPU.Build.0 = Release|Any CPU
		{7F1598A1-260F-41CC-9B0D-226855EC587F}.Debug|Any CPU.ActiveCfg = Debug|Any CPU
		{7F1598A1-260F-41CC-9B0D-226855EC587F}.Debug|Any CPU.Build.0 = Debug|Any CPU
		{7F1598A1-260F-41CC-9B0D-226855EC587F}.Release|Any CPU.ActiveCfg = Release|Any CPU
		{7F1598A1-260F-41CC-9B0D-226855EC587F}.Release|Any CPU.Build.0 = Release|Any CPU
		{C3537CAF-285A-449B-966D-F90381EDF781}.Debug|Any CPU.ActiveCfg = Debug|Any CPU
		{C3537CAF-285A-449B-966D-F90381EDF781}.Debug|Any CPU.Build.0 = Debug|Any CPU
		{C3537CAF-285A-449B-966D-F90381EDF781}.Release|Any CPU.ActiveCfg = Release|Any CPU
		{C3537CAF-285A-449B-966D-F90381EDF781}.Release|Any CPU.Build.0 = Release|Any CPU
		{93E879D6-ADC6-4D76-AA3E-3988DA98F2E3}.Debug|Any CPU.ActiveCfg = Debug|Any CPU
		{93E879D6-ADC6-4D76-AA3E-3988DA98F2E3}.Debug|Any CPU.Build.0 = Debug|Any CPU
		{93E879D6-ADC6-4D76-AA3E-3988DA98F2E3}.Release|Any CPU.ActiveCfg = Release|Any CPU
		{93E879D6-ADC6-4D76-AA3E-3988DA98F2E3}.Release|Any CPU.Build.0 = Release|Any CPU
		{6601BEDE-4E98-4268-9FD3-A41607AA5294}.Debug|Any CPU.ActiveCfg = Debug|Any CPU
		{6601BEDE-4E98-4268-9FD3-A41607AA5294}.Debug|Any CPU.Build.0 = Debug|Any CPU
		{6601BEDE-4E98-4268-9FD3-A41607AA5294}.Release|Any CPU.ActiveCfg = Release|Any CPU
		{6601BEDE-4E98-4268-9FD3-A41607AA5294}.Release|Any CPU.Build.0 = Release|Any CPU
		{40F2ADC7-895A-49B4-90E4-59132968CA60}.Debug|Any CPU.ActiveCfg = Debug|Any CPU
		{40F2ADC7-895A-49B4-90E4-59132968CA60}.Debug|Any CPU.Build.0 = Debug|Any CPU
		{40F2ADC7-895A-49B4-90E4-59132968CA60}.Release|Any CPU.ActiveCfg = Release|Any CPU
		{40F2ADC7-895A-49B4-90E4-59132968CA60}.Release|Any CPU.Build.0 = Release|Any CPU
		{D6303EA4-D46C-4E50-B01E-0B653ACB5A30}.Debug|Any CPU.ActiveCfg = Debug|Any CPU
		{D6303EA4-D46C-4E50-B01E-0B653ACB5A30}.Debug|Any CPU.Build.0 = Debug|Any CPU
		{D6303EA4-D46C-4E50-B01E-0B653ACB5A30}.Release|Any CPU.ActiveCfg = Release|Any CPU
		{D6303EA4-D46C-4E50-B01E-0B653ACB5A30}.Release|Any CPU.Build.0 = Release|Any CPU
		{8D833066-A3B7-4E72-AD9F-792046B9C2CB}.Debug|Any CPU.ActiveCfg = Debug|Any CPU
		{8D833066-A3B7-4E72-AD9F-792046B9C2CB}.Debug|Any CPU.Build.0 = Debug|Any CPU
		{8D833066-A3B7-4E72-AD9F-792046B9C2CB}.Release|Any CPU.ActiveCfg = Release|Any CPU
		{8D833066-A3B7-4E72-AD9F-792046B9C2CB}.Release|Any CPU.Build.0 = Release|Any CPU
		{FB6A1575-5F35-4DB6-955C-63DB68B5D6D5}.Debug|Any CPU.ActiveCfg = Debug|Any CPU
		{FB6A1575-5F35-4DB6-955C-63DB68B5D6D5}.Debug|Any CPU.Build.0 = Debug|Any CPU
		{FB6A1575-5F35-4DB6-955C-63DB68B5D6D5}.Release|Any CPU.ActiveCfg = Release|Any CPU
		{FB6A1575-5F35-4DB6-955C-63DB68B5D6D5}.Release|Any CPU.Build.0 = Release|Any CPU
		{65A4E6A1-0018-4FE8-AE5B-804A7F098809}.Debug|Any CPU.ActiveCfg = Debug|Any CPU
		{65A4E6A1-0018-4FE8-AE5B-804A7F098809}.Debug|Any CPU.Build.0 = Debug|Any CPU
		{65A4E6A1-0018-4FE8-AE5B-804A7F098809}.Release|Any CPU.ActiveCfg = Release|Any CPU
		{65A4E6A1-0018-4FE8-AE5B-804A7F098809}.Release|Any CPU.Build.0 = Release|Any CPU
	EndGlobalSection
	GlobalSection(SolutionProperties) = preSolution
		HideSolutionNode = FALSE
	EndGlobalSection
	GlobalSection(NestedProjects) = preSolution
		{4EC531E1-00FB-47C5-A521-7031CF98F285} = {1809CBA8-75DB-4810-8BBD-9A5C53FAE6E1}
		{FD7D446B-7E26-4558-8CDD-3C5733C88A88} = {1809CBA8-75DB-4810-8BBD-9A5C53FAE6E1}
		{44FCC95A-C4C3-4AEE-BB43-6ABB7D5F10FD} = {1809CBA8-75DB-4810-8BBD-9A5C53FAE6E1}
		{8BB1A7EC-44D5-4255-A807-5DB88B42A1FC} = {1809CBA8-75DB-4810-8BBD-9A5C53FAE6E1}
		{6771FD49-3C3C-49BB-8D5A-37694597000B} = {1809CBA8-75DB-4810-8BBD-9A5C53FAE6E1}
		{2E1591FF-B0B8-4668-B7CE-1F77DFB93C23} = {1809CBA8-75DB-4810-8BBD-9A5C53FAE6E1}
		{1809CBA8-75DB-4810-8BBD-9A5C53FAE6E1} = {C36EFF5E-DDAA-447F-AD23-B0B30100A6A3}
		{32EADFD0-C979-49D3-BEE1-8FB544F1627D} = {C36EFF5E-DDAA-447F-AD23-B0B30100A6A3}
		{512ECF00-316B-46F0-838E-FEFDEAF11272} = {32EADFD0-C979-49D3-BEE1-8FB544F1627D}
		{A8D14942-DA16-47AE-80B5-03CDCA8D64C6} = {1809CBA8-75DB-4810-8BBD-9A5C53FAE6E1}
		{A5E8E343-0764-4846-8470-BD5DA28EF5E5} = {C36EFF5E-DDAA-447F-AD23-B0B30100A6A3}
		{51B03EF3-EFC6-4A1D-B6D1-8B3286F87137} = {A5E8E343-0764-4846-8470-BD5DA28EF5E5}
		{87AE4498-965E-4DE4-96A2-0BEFCA9413A7} = {C36EFF5E-DDAA-447F-AD23-B0B30100A6A3}
		{4911FC6F-D36D-4B59-A374-0A5BDDB86DEA} = {87AE4498-965E-4DE4-96A2-0BEFCA9413A7}
		{A459A3D5-31AF-487D-9BC0-A2307557FECA} = {C36EFF5E-DDAA-447F-AD23-B0B30100A6A3}
		{D82AED7D-E0D6-49F7-82F0-835E56662446} = {A459A3D5-31AF-487D-9BC0-A2307557FECA}
		{46EB8BCC-82CF-4BF7-AF68-27EC9C00656C} = {C36EFF5E-DDAA-447F-AD23-B0B30100A6A3}
		{7F1598A1-260F-41CC-9B0D-226855EC587F} = {46EB8BCC-82CF-4BF7-AF68-27EC9C00656C}
		{B3BFABC5-C34C-4E15-B402-7EDFC3B8648C} = {C36EFF5E-DDAA-447F-AD23-B0B30100A6A3}
		{C3537CAF-285A-449B-966D-F90381EDF781} = {B3BFABC5-C34C-4E15-B402-7EDFC3B8648C}
		{08BF6A87-C842-4880-81F7-8BC83B12AC67} = {C36EFF5E-DDAA-447F-AD23-B0B30100A6A3}
		{93E879D6-ADC6-4D76-AA3E-3988DA98F2E3} = {08BF6A87-C842-4880-81F7-8BC83B12AC67}
		{5550ECF3-E4A2-4E24-8AFE-D11E45C6027D} = {C36EFF5E-DDAA-447F-AD23-B0B30100A6A3}
		{6601BEDE-4E98-4268-9FD3-A41607AA5294} = {5550ECF3-E4A2-4E24-8AFE-D11E45C6027D}
		{BDA76472-675E-4AB4-9A09-C41940F33D24} = {C36EFF5E-DDAA-447F-AD23-B0B30100A6A3}
		{40F2ADC7-895A-49B4-90E4-59132968CA60} = {E8AABEA9-E42B-41F3-9694-AF3CAFD0FA7A}
		{D6303EA4-D46C-4E50-B01E-0B653ACB5A30} = {E8AABEA9-E42B-41F3-9694-AF3CAFD0FA7A}
		{E8AABEA9-E42B-41F3-9694-AF3CAFD0FA7A} = {BDA76472-675E-4AB4-9A09-C41940F33D24}
		{8AB742FA-DB0A-4784-92A4-14110067F572} = {BDA76472-675E-4AB4-9A09-C41940F33D24}
		{8D833066-A3B7-4E72-AD9F-792046B9C2CB} = {8AB742FA-DB0A-4784-92A4-14110067F572}
		{FB6A1575-5F35-4DB6-955C-63DB68B5D6D5} = {E8AABEA9-E42B-41F3-9694-AF3CAFD0FA7A}
		{65A4E6A1-0018-4FE8-AE5B-804A7F098809} = {E8AABEA9-E42B-41F3-9694-AF3CAFD0FA7A}
	EndGlobalSection
	GlobalSection(ExtensibilityGlobals) = postSolution
		SolutionGuid = {9D112FEE-2475-47B9-AF41-40BD664C443E}
	EndGlobalSection
EndGlobal
